
Microsoft Visual Studio Solution File, Format Version 12.00
# Visual Studio Version 16
VisualStudioVersion = 16.0.29519.87
MinimumVisualStudioVersion = 10.0.40219.1
Project("{9A19103F-16F7-4668-BE54-9A1E7A4F7556}") = "Composite", "Composite.csproj", "{44490529-59D5-4A13-817E-1319B9BDFE51}"
EndProject
Global
	GlobalSection(SolutionConfigurationPlatforms) = preSolution
		Debug|Any CPU = Debug|Any CPU
		Release|Any CPU = Release|Any CPU
	EndGlobalSection
	GlobalSection(ProjectConfigurationPlatforms) = postSolution
		{44490529-59D5-4A13-817E-1319B9BDFE51}.Debug|Any CPU.ActiveCfg = Debug|Any CPU
		{44490529-59D5-4A13-817E-1319B9BDFE51}.Debug|Any CPU.Build.0 = Debug|Any CPU
		{44490529-59D5-4A13-817E-1319B9BDFE51}.Release|Any CPU.ActiveCfg = Release|Any CPU
		{44490529-59D5-4A13-817E-1319B9BDFE51}.Release|Any CPU.Build.0 = Release|Any CPU
	EndGlobalSection
	GlobalSection(SolutionProperties) = preSolution
		HideSolutionNode = FALSE
	EndGlobalSection
	GlobalSection(ExtensibilityGlobals) = postSolution
		SolutionGuid = {F69C234F-710F-4116-8CFB-3B2ECEE8620C}
	EndGlobalSection
EndGlobal
